<?xml version="1.0" encoding="utf-8"?>
<Project ToolsVersion="4.0" xmlns="http://schemas.microsoft.com/developer/msbuild/2003">
  <ItemGroup>
    <Filter Include="header">
      <UniqueIdentifier>{1825a3ec-837c-4c83-bffa-97391f393ad7}</UniqueIdentifier>
    </Filter>
    <Filter Include="source">
      <UniqueIdentifier>{1cde073e-ab84-486b-949a-23567dd79699}</UniqueIdentifier>
    </Filter>
  </ItemGroup>
  <ItemGroup>
    <ClCompile Include="..\soruce\main.cpp">
      <Filter>source</Filter>
    </ClCompile>
    <ClCompile Include="..\soruce\Actor.cpp">
      <Filter>source</Filter>
    </ClCompile>
    <ClCompile Include="..\soruce\Game.cpp">
      <Filter>source</Filter>
    </ClCompile>
    <ClCompile Include="..\soruce\Screen.cpp">
      <Filter>source</Filter>
    </ClCompile>
    <ClCompile Include="..\soruce\Stage.cpp">
      <Filter>source</Filter>
    </ClCompile>
  </ItemGroup>
  <ItemGroup>
    <ClInclude Include="..\soruce\Actor.hpp">
      <Filter>source</Filter>
    </ClInclude>
    <ClInclude Include="..\soruce\Game.hpp">
      <Filter>source</Filter>
    </ClInclude>
    <ClInclude Include="..\soruce\Screen.hpp">
      <Filter>source</Filter>
    </ClInclude>
    <ClInclude Include="..\soruce\Stage.hpp">
      <Filter>source</Filter>
    </ClInclude>
  </ItemGroup>
</Project>